
Microsoft Visual Studio Solution File, Format Version 12.00
# Visual Studio 15
VisualStudioVersion = 15.0.26730.8
MinimumVisualStudioVersion = 10.0.40219.1
Project("{2150E333-8FDC-42A3-9474-1A3956D46DE8}") = "Engine", "Engine", "{CF2A5D9F-FA1B-4011-8687-5AB0AFC87C4C}"
EndProject
Project("{2150E333-8FDC-42A3-9474-1A3956D46DE8}") = "Games", "Games", "{6D2375E6-6EAA-4DE1-B5EC-06702D533181}"
EndProject
Project("{8BC9CEB8-8B4A-11D0-8D11-00A0C91BC942}") = "UE4", "Intermediate\ProjectFiles\UE4.vcxproj", "{C2BE9395-267F-4276-978F-16BF97BD9ECD}"
EndProject
Project("{8BC9CEB8-8B4A-11D0-8D11-00A0C91BC942}") = "Game00", "Intermediate\ProjectFiles\Game00.vcxproj", "{0AE40520-5605-432F-A113-3581AB682E24}"
EndProject
Global
	GlobalSection(SolutionConfigurationPlatforms) = preSolution
		DebugGame Editor|HTML5 = DebugGame Editor|HTML5
		DebugGame Editor|Win32 = DebugGame Editor|Win32
		DebugGame Editor|Win64 = DebugGame Editor|Win64
		DebugGame|HTML5 = DebugGame|HTML5
		DebugGame|Win32 = DebugGame|Win32
		DebugGame|Win64 = DebugGame|Win64
		Development Editor|HTML5 = Development Editor|HTML5
		Development Editor|Win32 = Development Editor|Win32
		Development Editor|Win64 = Development Editor|Win64
		Development|HTML5 = Development|HTML5
		Development|Win32 = Development|Win32
		Development|Win64 = Development|Win64
		Shipping|HTML5 = Shipping|HTML5
		Shipping|Win32 = Shipping|Win32
		Shipping|Win64 = Shipping|Win64
	EndGlobalSection
	GlobalSection(ProjectConfigurationPlatforms) = postSolution
		{C2BE9395-267F-4276-978F-16BF97BD9ECD}.DebugGame Editor|HTML5.ActiveCfg = BuiltWithUnrealBuildTool|Win32
		{C2BE9395-267F-4276-978F-16BF97BD9ECD}.DebugGame Editor|HTML5.Build.0 = BuiltWithUnrealBuildTool|Win32
		{C2BE9395-267F-4276-978F-16BF97BD9ECD}.DebugGame Editor|Win32.ActiveCfg = BuiltWithUnrealBuildTool|Win32
		{C2BE9395-267F-4276-978F-16BF97BD9ECD}.DebugGame Editor|Win32.Build.0 = BuiltWithUnrealBuildTool|Win32
		{C2BE9395-267F-4276-978F-16BF97BD9ECD}.DebugGame Editor|Win64.ActiveCfg = BuiltWithUnrealBuildTool|Win32
		{C2BE9395-267F-4276-978F-16BF97BD9ECD}.DebugGame Editor|Win64.Build.0 = BuiltWithUnrealBuildTool|Win32
		{C2BE9395-267F-4276-978F-16BF97BD9ECD}.DebugGame|HTML5.ActiveCfg = BuiltWithUnrealBuildTool|Win32
		{C2BE9395-267F-4276-978F-16BF97BD9ECD}.DebugGame|HTML5.Build.0 = BuiltWithUnrealBuildTool|Win32
		{C2BE9395-267F-4276-978F-16BF97BD9ECD}.DebugGame|Win32.ActiveCfg = BuiltWithUnrealBuildTool|Win32
		{C2BE9395-267F-4276-978F-16BF97BD9ECD}.DebugGame|Win32.Build.0 = BuiltWithUnrealBuildTool|Win32
		{C2BE9395-267F-4276-978F-16BF97BD9ECD}.DebugGame|Win64.ActiveCfg = BuiltWithUnrealBuildTool|Win32
		{C2BE9395-267F-4276-978F-16BF97BD9ECD}.DebugGame|Win64.Build.0 = BuiltWithUnrealBuildTool|Win32
		{C2BE9395-267F-4276-978F-16BF97BD9ECD}.Development Editor|HTML5.ActiveCfg = BuiltWithUnrealBuildTool|Win32
		{C2BE9395-267F-4276-978F-16BF97BD9ECD}.Development Editor|HTML5.Build.0 = BuiltWithUnrealBuildTool|Win32
		{C2BE9395-267F-4276-978F-16BF97BD9ECD}.Development Editor|Win32.ActiveCfg = BuiltWithUnrealBuildTool|Win32
		{C2BE9395-267F-4276-978F-16BF97BD9ECD}.Development Editor|Win32.Build.0 = BuiltWithUnrealBuildTool|Win32
		{C2BE9395-267F-4276-978F-16BF97BD9ECD}.Development Editor|Win64.ActiveCfg = BuiltWithUnrealBuildTool|Win32
		{C2BE9395-267F-4276-978F-16BF97BD9ECD}.Development Editor|Win64.Build.0 = BuiltWithUnrealBuildTool|Win32
		{C2BE9395-267F-4276-978F-16BF97BD9ECD}.Development|HTML5.ActiveCfg = BuiltWithUnrealBuildTool|Win32
		{C2BE9395-267F-4276-978F-16BF97BD9ECD}.Development|HTML5.Build.0 = BuiltWithUnrealBuildTool|Win32
		{C2BE9395-267F-4276-978F-16BF97BD9ECD}.Development|Win32.ActiveCfg = BuiltWithUnrealBuildTool|Win32
		{C2BE9395-267F-4276-978F-16BF97BD9ECD}.Development|Win32.Build.0 = BuiltWithUnrealBuildTool|Win32
		{C2BE9395-267F-4276-978F-16BF97BD9ECD}.Development|Win64.ActiveCfg = BuiltWithUnrealBuildTool|Win32
		{C2BE9395-267F-4276-978F-16BF97BD9ECD}.Development|Win64.Build.0 = BuiltWithUnrealBuildTool|Win32
		{C2BE9395-267F-4276-978F-16BF97BD9ECD}.Shipping|HTML5.ActiveCfg = BuiltWithUnrealBuildTool|Win32
		{C2BE9395-267F-4276-978F-16BF97BD9ECD}.Shipping|HTML5.Build.0 = BuiltWithUnrealBuildTool|Win32
		{C2BE9395-267F-4276-978F-16BF97BD9ECD}.Shipping|Win32.ActiveCfg = BuiltWithUnrealBuildTool|Win32
		{C2BE9395-267F-4276-978F-16BF97BD9ECD}.Shipping|Win32.Build.0 = BuiltWithUnrealBuildTool|Win32
		{C2BE9395-267F-4276-978F-16BF97BD9ECD}.Shipping|Win64.ActiveCfg = BuiltWithUnrealBuildTool|Win32
		{C2BE9395-267F-4276-978F-16BF97BD9ECD}.Shipping|Win64.Build.0 = BuiltWithUnrealBuildTool|Win32
		{0AE40520-5605-432F-A113-3581AB682E24}.DebugGame Editor|HTML5.ActiveCfg = HTML5_DebugGame_Editor|Win32
		{0AE40520-5605-432F-A113-3581AB682E24}.DebugGame Editor|Win32.ActiveCfg = DebugGame_Editor|Win32
		{0AE40520-5605-432F-A113-3581AB682E24}.DebugGame Editor|Win64.ActiveCfg = DebugGame_Editor|x64
		{0AE40520-5605-432F-A113-3581AB682E24}.DebugGame Editor|Win64.Build.0 = DebugGame_Editor|x64
		{0AE40520-5605-432F-A113-3581AB682E24}.DebugGame|HTML5.ActiveCfg = HTML5_DebugGame_Game|Win32
		{0AE40520-5605-432F-A113-3581AB682E24}.DebugGame|HTML5.Build.0 = HTML5_DebugGame_Game|Win32
		{0AE40520-5605-432F-A113-3581AB682E24}.DebugGame|Win32.ActiveCfg = DebugGame_Game|Win32
		{0AE40520-5605-432F-A113-3581AB682E24}.DebugGame|Win32.Build.0 = DebugGame_Game|Win32
		{0AE40520-5605-432F-A113-3581AB682E24}.DebugGame|Win64.ActiveCfg = DebugGame_Game|x64
		{0AE40520-5605-432F-A113-3581AB682E24}.DebugGame|Win64.Build.0 = DebugGame_Game|x64
		{0AE40520-5605-432F-A113-3581AB682E24}.Development Editor|HTML5.ActiveCfg = HTML5_Development_Editor|Win32
		{0AE40520-5605-432F-A113-3581AB682E24}.Development Editor|Win32.ActiveCfg = Development_Editor|Win32
		{0AE40520-5605-432F-A113-3581AB682E24}.Development Editor|Win64.ActiveCfg = Development_Editor|x64
		{0AE40520-5605-432F-A113-3581AB682E24}.Development Editor|Win64.Build.0 = Development_Editor|x64
		{0AE40520-5605-432F-A113-3581AB682E24}.Development|HTML5.ActiveCfg = HTML5_Development_Game|Win32
		{0AE40520-5605-432F-A113-3581AB682E24}.Development|HTML5.Build.0 = HTML5_Development_Game|Win32
		{0AE40520-5605-432F-A113-3581AB682E24}.Development|Win32.ActiveCfg = Development_Game|Win32
		{0AE40520-5605-432F-A113-3581AB682E24}.Development|Win32.Build.0 = Development_Game|Win32
		{0AE40520-5605-432F-A113-3581AB682E24}.Development|Win64.ActiveCfg = Development_Game|x64
		{0AE40520-5605-432F-A113-3581AB682E24}.Development|Win64.Build.0 = Development_Game|x64
		{0AE40520-5605-432F-A113-3581AB682E24}.Shipping|HTML5.ActiveCfg = HTML5_Shipping_Game|Win32
		{0AE40520-5605-432F-A113-3581AB682E24}.Shipping|HTML5.Build.0 = HTML5_Shipping_Game|Win32
		{0AE40520-5605-432F-A113-3581AB682E24}.Shipping|Win32.ActiveCfg = Shipping_Game|Win32
		{0AE40520-5605-432F-A113-3581AB682E24}.Shipping|Win32.Build.0 = Shipping_Game|Win32
		{0AE40520-5605-432F-A113-3581AB682E24}.Shipping|Win64.ActiveCfg = Shipping_Game|x64
		{0AE40520-5605-432F-A113-3581AB682E24}.Shipping|Win64.Build.0 = Shipping_Game|x64
	EndGlobalSection
	GlobalSection(SolutionProperties) = preSolution
		HideSolutionNode = FALSE
	EndGlobalSection
	GlobalSection(NestedProjects) = preSolution
		{C2BE9395-267F-4276-978F-16BF97BD9ECD} = {CF2A5D9F-FA1B-4011-8687-5AB0AFC87C4C}
		{0AE40520-5605-432F-A113-3581AB682E24} = {6D2375E6-6EAA-4DE1-B5EC-06702D533181}
	EndGlobalSection
	GlobalSection(ExtensibilityGlobals) = postSolution
		SolutionGuid = {9EC338FE-31C4-4D40-8265-ABE308BC2067}
	EndGlobalSection
EndGlobal
